
Microsoft Visual Studio Solution File, Format Version 11.00
# Visual Studio 2010
Project("{FAE04EC0-301F-11D3-BF4B-00C04F79EFBC}") = "Unity.Timeline", "Unity.Timeline.csproj", "{4a6c4820-c332-44eb-7514-cf174b5bbd76}"
EndProject
Project("{FAE04EC0-301F-11D3-BF4B-00C04F79EFBC}") = "Unity.RenderPipelines.GPUDriven.Runtime", "Unity.RenderPipelines.GPUDriven.Runtime.csproj", "{74338289-27b8-64d6-9399-d10ec888aabb}"
EndProject
Project("{FAE04EC0-301F-11D3-BF4B-00C04F79EFBC}") = "Unity.PlasticSCM.Editor", "Unity.PlasticSCM.Editor.csproj", "{9d39bafc-3575-61e8-206f-67561d9192a3}"
EndProject
Project("{FAE04EC0-301F-11D3-BF4B-00C04F79EFBC}") = "Unity.ShaderGraph.Editor", "Unity.ShaderGraph.Editor.csproj", "{7c7710f4-ebbd-bff7-5c42-1dbc17422ebd}"
EndProject
Project("{FAE04EC0-301F-11D3-BF4B-00C04F79EFBC}") = "Unity.RenderPipelines.Core.Runtime", "Unity.RenderPipelines.Core.Runtime.csproj", "{a4a4f632-c59d-04eb-eed4-956de626b7db}"
EndProject
Project("{FAE04EC0-301F-11D3-BF4B-00C04F79EFBC}") = "Unity.Mathematics", "Unity.Mathematics.csproj", "{091ba655-be09-be41-7ff7-d081ed9f3c48}"
EndProject
Project("{FAE04EC0-301F-11D3-BF4B-00C04F79EFBC}") = "Unity.Timeline.Editor", "Unity.Timeline.Editor.csproj", "{de75cfe5-1b55-bac1-1701-4034d726ed8c}"
EndProject
Project("{FAE04EC0-301F-11D3-BF4B-00C04F79EFBC}") = "Unity.Multiplayer.Center.Editor", "Unity.Multiplayer.Center.Editor.csproj", "{da41d4f1-8471-bcce-04a9-f25f4de6de25}"
EndProject
Project("{FAE04EC0-301F-11D3-BF4B-00C04F79EFBC}") = "Unity.Cinemachine.Editor", "Unity.Cinemachine.Editor.csproj", "{326b257c-a260-3a53-8b6d-b57035d33e12}"
EndProject
Project("{FAE04EC0-301F-11D3-BF4B-00C04F79EFBC}") = "Unity.RenderPipelines.Core.Editor", "Unity.RenderPipelines.Core.Editor.csproj", "{9f65b533-e81f-0840-4da8-b9673be03ec4}"
EndProject
Project("{FAE04EC0-301F-11D3-BF4B-00C04F79EFBC}") = "Unity.Collections", "Unity.Collections.csproj", "{9dfcab4b-500c-9ee4-3b68-817b39831882}"
EndProject
Project("{FAE04EC0-301F-11D3-BF4B-00C04F79EFBC}") = "UnityEngine.UI", "UnityEngine.UI.csproj", "{f3c96e1b-bbe0-ab65-218a-d2b5d629d9e8}"
EndProject
Project("{FAE04EC0-301F-11D3-BF4B-00C04F79EFBC}") = "Unity.RenderPipelines.Universal.2D.Runtime", "Unity.RenderPipelines.Universal.2D.Runtime.csproj", "{455d3eab-6481-bf29-b73b-fc49072aff99}"
EndProject
Project("{FAE04EC0-301F-11D3-BF4B-00C04F79EFBC}") = "Unity.VisualScripting.Core.Editor", "Unity.VisualScripting.Core.Editor.csproj", "{44c46a86-d7ec-84dd-d081-4758e81ec6f8}"
EndProject
Project("{FAE04EC0-301F-11D3-BF4B-00C04F79EFBC}") = "Unity.RenderPipelines.Universal.Editor", "Unity.RenderPipelines.Universal.Editor.csproj", "{b35cb6c4-f65f-f66c-45fb-0fc8a28b4cba}"
EndProject
Project("{FAE04EC0-301F-11D3-BF4B-00C04F79EFBC}") = "Unity.PerformanceTesting.Editor", "Unity.PerformanceTesting.Editor.csproj", "{8e80a995-7751-518b-9c21-9e553a22ee27}"
EndProject
Project("{FAE04EC0-301F-11D3-BF4B-00C04F79EFBC}") = "Unity.Splines", "Unity.Splines.csproj", "{f234bc91-479e-0c0b-b667-441e8342e18c}"
EndProject
Project("{FAE04EC0-301F-11D3-BF4B-00C04F79EFBC}") = "UnityEngine.TestRunner", "UnityEngine.TestRunner.csproj", "{f4aaa97b-e4ac-5a32-7a26-e13ccf8fd191}"
EndProject
Project("{FAE04EC0-301F-11D3-BF4B-00C04F79EFBC}") = "Unity.Burst", "Unity.Burst.csproj", "{295a2f4a-be36-300d-8f62-9f8a66f5176d}"
EndProject
Project("{FAE04EC0-301F-11D3-BF4B-00C04F79EFBC}") = "Unity.VisualScripting.Flow.Editor", "Unity.VisualScripting.Flow.Editor.csproj", "{36ec89a0-dea9-9e61-35c2-f22772c87a81}"
EndProject
Project("{FAE04EC0-301F-11D3-BF4B-00C04F79EFBC}") = "Unity.VisualStudio.Editor", "Unity.VisualStudio.Editor.csproj", "{ea33306f-aa99-1ac4-f6c4-86ab7e60d49e}"
EndProject
Project("{FAE04EC0-301F-11D3-BF4B-00C04F79EFBC}") = "Unity.InputSystem", "Unity.InputSystem.csproj", "{45c7a0ff-af85-c90e-69a2-3572673a9c0a}"
EndProject
Project("{FAE04EC0-301F-11D3-BF4B-00C04F79EFBC}") = "PPv2URPConverters", "PPv2URPConverters.csproj", "{71aa974d-dabc-aea3-43e6-a6041d696d0c}"
EndProject
Project("{FAE04EC0-301F-11D3-BF4B-00C04F79EFBC}") = "Unity.Searcher.Editor", "Unity.Searcher.Editor.csproj", "{3e677e2d-7dbd-d1ce-5997-8f012bc32ee5}"
EndProject
Project("{FAE04EC0-301F-11D3-BF4B-00C04F79EFBC}") = "UnityEditor.TestRunner", "UnityEditor.TestRunner.csproj", "{08c910ce-b1b8-f273-b883-2512d1a831f6}"
EndProject
Project("{FAE04EC0-301F-11D3-BF4B-00C04F79EFBC}") = "Unity.VisualScripting.Core", "Unity.VisualScripting.Core.csproj", "{a1d54dec-1bdb-24dc-bfac-c6430c49043e}"
EndProject
Project("{FAE04EC0-301F-11D3-BF4B-00C04F79EFBC}") = "Unity.RenderPipelines.Universal.Runtime", "Unity.RenderPipelines.Universal.Runtime.csproj", "{10871d80-0a9a-70dd-7308-07fb137bd291}"
EndProject
Project("{FAE04EC0-301F-11D3-BF4B-00C04F79EFBC}") = "Unity.CollabProxy.Editor", "Unity.CollabProxy.Editor.csproj", "{18fa2eb4-426d-9d70-aac2-37a0972df673}"
EndProject
Project("{FAE04EC0-301F-11D3-BF4B-00C04F79EFBC}") = "Unity.AI.Navigation.Editor.ConversionSystem", "Unity.AI.Navigation.Editor.ConversionSystem.csproj", "{20bd30bc-292d-dd51-c64e-41e55d5a68e1}"
EndProject
Project("{FAE04EC0-301F-11D3-BF4B-00C04F79EFBC}") = "Unity.VisualScripting.State.Editor", "Unity.VisualScripting.State.Editor.csproj", "{142b7b1f-49bc-d038-0128-5dd49de5f2a3}"
EndProject
Project("{FAE04EC0-301F-11D3-BF4B-00C04F79EFBC}") = "Unity.Burst.CodeGen", "Unity.Burst.CodeGen.csproj", "{dfb7bdf7-eec1-b1f5-f156-59acdf987964}"
EndProject
Project("{FAE04EC0-301F-11D3-BF4B-00C04F79EFBC}") = "Unity.Cinemachine", "Unity.Cinemachine.csproj", "{73c3136b-228e-78a4-71e8-cb0183480273}"
EndProject
Project("{FAE04EC0-301F-11D3-BF4B-00C04F79EFBC}") = "Unity.VisualScripting.Flow", "Unity.VisualScripting.Flow.csproj", "{9fd29b82-9e1b-e4cc-9c93-b4f5d7854fcf}"
EndProject
Project("{FAE04EC0-301F-11D3-BF4B-00C04F79EFBC}") = "Unity.Splines.Editor", "Unity.Splines.Editor.csproj", "{11c524d0-b000-429f-6f57-c66fc2af3526}"
EndProject
Project("{FAE04EC0-301F-11D3-BF4B-00C04F79EFBC}") = "Unity.PerformanceTesting", "Unity.PerformanceTesting.csproj", "{16da74a7-1909-5898-4f9e-9096a90e18d7}"
EndProject
Project("{FAE04EC0-301F-11D3-BF4B-00C04F79EFBC}") = "Unity.TextMeshPro", "Unity.TextMeshPro.csproj", "{5368ebe2-9ef4-4066-6e62-c6a4fc1ce632}"
EndProject
Project("{FAE04EC0-301F-11D3-BF4B-00C04F79EFBC}") = "Unity.TextMeshPro.Editor", "Unity.TextMeshPro.Editor.csproj", "{e3424102-95cc-3e68-f878-c4fffec2809c}"
EndProject
Project("{FAE04EC0-301F-11D3-BF4B-00C04F79EFBC}") = "Unity.Rendering.LightTransport.Runtime", "Unity.Rendering.LightTransport.Runtime.csproj", "{4cea1df9-a54a-210b-aad5-34f6ce66d72c}"
EndProject
Project("{FAE04EC0-301F-11D3-BF4B-00C04F79EFBC}") = "Unity.Burst.Editor", "Unity.Burst.Editor.csproj", "{ba81064b-4cb7-ddf0-b63a-649b806fc64c}"
EndProject
Project("{FAE04EC0-301F-11D3-BF4B-00C04F79EFBC}") = "Unity.Rider.Editor", "Unity.Rider.Editor.csproj", "{3a560856-8c6c-4d00-b696-3c36cf9b7b1e}"
EndProject
Project("{FAE04EC0-301F-11D3-BF4B-00C04F79EFBC}") = "Unity.VisualScripting.State", "Unity.VisualScripting.State.csproj", "{ad8ca4ea-6319-e2ab-a73c-889ee1154526}"
EndProject
Project("{FAE04EC0-301F-11D3-BF4B-00C04F79EFBC}") = "Unity.AI.Navigation.Updater", "Unity.AI.Navigation.Updater.csproj", "{186d01b4-fb9e-453d-488c-e9200b547353}"
EndProject
Project("{FAE04EC0-301F-11D3-BF4B-00C04F79EFBC}") = "UnityEditor.UI", "UnityEditor.UI.csproj", "{dfddf479-6d73-cc35-398b-ee5b616f5d15}"
EndProject
Project("{FAE04EC0-301F-11D3-BF4B-00C04F79EFBC}") = "Unity.AI.Navigation.Editor", "Unity.AI.Navigation.Editor.csproj", "{cf76135e-2411-0dff-3f3e-9a144d36380c}"
EndProject
Project("{FAE04EC0-301F-11D3-BF4B-00C04F79EFBC}") = "Unity.2D.Sprite.Editor", "Unity.2D.Sprite.Editor.csproj", "{8c36212e-085f-b9f2-5c6a-2a04a4c0998c}"
EndProject
Project("{FAE04EC0-301F-11D3-BF4B-00C04F79EFBC}") = "Unity.Multiplayer.Center.Common", "Unity.Multiplayer.Center.Common.csproj", "{b65f812e-aa7c-75bf-790b-2a9ba6bcf8bb}"
EndProject
Project("{FAE04EC0-301F-11D3-BF4B-00C04F79EFBC}") = "Unity.InputSystem.ForUI", "Unity.InputSystem.ForUI.csproj", "{de16a7c8-96da-0079-180a-9a6491e05172}"
EndProject
Project("{FAE04EC0-301F-11D3-BF4B-00C04F79EFBC}") = "Assembly-CSharp", "Assembly-CSharp.csproj", "{9c76e3b7-5270-f0b9-9c14-5306b7b541db}"
EndProject
Project("{FAE04EC0-301F-11D3-BF4B-00C04F79EFBC}") = "Unity.AI.Navigation", "Unity.AI.Navigation.csproj", "{aa7df9cb-0b6e-d9b5-2307-af03bc84456d}"
EndProject
Project("{FAE04EC0-301F-11D3-BF4B-00C04F79EFBC}") = "Unity.Collections.CodeGen", "Unity.Collections.CodeGen.csproj", "{49e68f7a-b39e-a463-5979-d36543c18583}"
EndProject
Project("{FAE04EC0-301F-11D3-BF4B-00C04F79EFBC}") = "Unity.Mathematics.Editor", "Unity.Mathematics.Editor.csproj", "{c442adc9-04b5-513f-467a-cf4a3ddac6ca}"
EndProject
Project("{FAE04EC0-301F-11D3-BF4B-00C04F79EFBC}") = "Unity.VisualScripting.SettingsProvider.Editor", "Unity.VisualScripting.SettingsProvider.Editor.csproj", "{2ce33048-8b8c-ba2f-3d68-b19a2bd474e0}"
EndProject
Project("{FAE04EC0-301F-11D3-BF4B-00C04F79EFBC}") = "Assembly-CSharp-Editor", "Assembly-CSharp-Editor.csproj", "{bee49908-c0ec-2b39-20ba-cad0d4616e35}"
EndProject
Project("{FAE04EC0-301F-11D3-BF4B-00C04F79EFBC}") = "Unity.Settings.Editor", "Unity.Settings.Editor.csproj", "{479eea68-4b51-bb31-9244-1a505887b2f1}"
EndProject
Project("{FAE04EC0-301F-11D3-BF4B-00C04F79EFBC}") = "Unity.InputSystem.TestFramework", "Unity.InputSystem.TestFramework.csproj", "{2e635989-4fd9-f785-8753-af0720d0b790}"
EndProject
Project("{FAE04EC0-301F-11D3-BF4B-00C04F79EFBC}") = "Unity.ShaderGraph.Utilities", "Unity.ShaderGraph.Utilities.csproj", "{4604ac51-e318-8cd9-f300-d50a6f0cb3b2}"
EndProject
Project("{FAE04EC0-301F-11D3-BF4B-00C04F79EFBC}") = "Unity.VisualScripting.Shared.Editor", "Unity.VisualScripting.Shared.Editor.csproj", "{1c0c185f-0255-2a10-461d-b6cfdddc9132}"
EndProject
Project("{FAE04EC0-301F-11D3-BF4B-00C04F79EFBC}") = "Unity.RenderPipeline.Universal.ShaderLibrary", "Unity.RenderPipeline.Universal.ShaderLibrary.csproj", "{8b369547-941f-1d26-7a90-5789d47132cc}"
EndProject
Project("{FAE04EC0-301F-11D3-BF4B-00C04F79EFBC}") = "Bezi.Editor", "Bezi.Editor.csproj", "{012d7006-6ee6-861a-0b78-9cedb52f8772}"
EndProject
Project("{FAE04EC0-301F-11D3-BF4B-00C04F79EFBC}") = "Unity.Rendering.LightTransport.Editor", "Unity.Rendering.LightTransport.Editor.csproj", "{cd4b6d45-5865-07f7-035f-e54d40afee2e}"
EndProject
Project("{FAE04EC0-301F-11D3-BF4B-00C04F79EFBC}") = "Unity.InputSystem.DocCodeSamples", "Unity.InputSystem.DocCodeSamples.csproj", "{289bb1ab-b852-003a-9dab-c9286f18109d}"
EndProject
Project("{FAE04EC0-301F-11D3-BF4B-00C04F79EFBC}") = "Unity.RenderPipelines.Universal.Shaders", "Unity.RenderPipelines.Universal.Shaders.csproj", "{c14f1184-eff8-de5b-f79a-c1a8aaca69f4}"
EndProject
Project("{FAE04EC0-301F-11D3-BF4B-00C04F79EFBC}") = "Unity.RenderPipelines.Core.Runtime.Shared", "Unity.RenderPipelines.Core.Runtime.Shared.csproj", "{025a1365-a5d1-2a17-255a-623a0e237532}"
EndProject
Project("{FAE04EC0-301F-11D3-BF4B-00C04F79EFBC}") = "Unity.PlasticSCM.Editor.Entities", "Unity.PlasticSCM.Editor.Entities.csproj", "{ce157b0f-dc21-1820-5001-d0fd3fc1327c}"
EndProject
Project("{FAE04EC0-301F-11D3-BF4B-00C04F79EFBC}") = "Unity.Collections.Editor", "Unity.Collections.Editor.csproj", "{3ffc32f7-4cde-3b30-9a0a-d0ee5b624e8a}"
EndProject
Project("{FAE04EC0-301F-11D3-BF4B-00C04F79EFBC}") = "Unity.RenderPipelines.Universal.Config.Runtime", "Unity.RenderPipelines.Universal.Config.Runtime.csproj", "{d338df5c-00c3-47ad-3870-370935e12f01}"
EndProject
Project("{FAE04EC0-301F-11D3-BF4B-00C04F79EFBC}") = "Unity.RenderPipelines.ShaderGraph.ShaderGraphLibrary", "Unity.RenderPipelines.ShaderGraph.ShaderGraphLibrary.csproj", "{712f0268-7321-ecfc-db57-268582bfec10}"
EndProject
Project("{FAE04EC0-301F-11D3-BF4B-00C04F79EFBC}") = "Unity.RenderPipelines.Core.ShaderLibrary", "Unity.RenderPipelines.Core.ShaderLibrary.csproj", "{a7418e18-6169-5663-50b5-ad7f94224108}"
EndProject
Project("{FAE04EC0-301F-11D3-BF4B-00C04F79EFBC}") = "Unity.RenderPipelines.Core.Editor.Shared", "Unity.RenderPipelines.Core.Editor.Shared.csproj", "{f1382971-92ff-7a15-47b9-4532ef9c076b}"
EndProject
Project("{FAE04EC0-301F-11D3-BF4B-00C04F79EFBC}") = "TestNewCustomAssembly", "TestNewCustomAssembly.csproj", "{dae36eb3-85a9-f84b-7206-8aaab92e514a}"
EndProject
Project("{FAE04EC0-301F-11D3-BF4B-00C04F79EFBC}") = "Unity.AI.Navigation.Tests.EditorInPlaymode", "Unity.AI.Navigation.Tests.EditorInPlaymode.csproj", "{9d9f7c07-22cf-1f2b-66ee-191e5cc4d2f4}"
EndProject
Project("{FAE04EC0-301F-11D3-BF4B-00C04F79EFBC}") = "Unity.Mathematics.Tests", "Unity.Mathematics.Tests.csproj", "{b859185a-63d3-22c6-7902-08bbac9727db}"
EndProject
Project("{FAE04EC0-301F-11D3-BF4B-00C04F79EFBC}") = "Unity.RenderPipelines.Core.Editor.Tests", "Unity.RenderPipelines.Core.Editor.Tests.csproj", "{aa030a1e-3d9d-3882-8514-a1fc80fcbfd7}"
EndProject
Project("{FAE04EC0-301F-11D3-BF4B-00C04F79EFBC}") = "Unity.Collections.Tests", "Unity.Collections.Tests.csproj", "{40159413-ec42-c142-b9df-2d9887e2315f}"
EndProject
Project("{FAE04EC0-301F-11D3-BF4B-00C04F79EFBC}") = "Unity.RenderPipelines.Universal.Config.Editor.Tests", "Unity.RenderPipelines.Universal.Config.Editor.Tests.csproj", "{2e3b9f76-8a96-9187-8707-9ef3d1c499e2}"
EndProject
Project("{FAE04EC0-301F-11D3-BF4B-00C04F79EFBC}") = "Unity.RenderPipelines.Universal.Editor.Tests", "Unity.RenderPipelines.Universal.Editor.Tests.csproj", "{ea9e144d-0136-85a3-1c71-f0deb2a1497f}"
EndProject
Project("{FAE04EC0-301F-11D3-BF4B-00C04F79EFBC}") = "Unity.Collections.DocCodeSamples", "Unity.Collections.DocCodeSamples.csproj", "{0220a13f-980f-4a4b-9ec1-e70d21e503b6}"
EndProject
Project("{FAE04EC0-301F-11D3-BF4B-00C04F79EFBC}") = "Unity.2D.Sprite.Package.EditorTests", "Unity.2D.Sprite.Package.EditorTests.csproj", "{f88449c9-1da2-042a-3967-6e0f820acd3c}"
EndProject
Project("{FAE04EC0-301F-11D3-BF4B-00C04F79EFBC}") = "Unity.Searcher.EditorTests", "Unity.Searcher.EditorTests.csproj", "{420d6e89-ded1-d74c-a547-d41f3150db1f}"
EndProject
Project("{FAE04EC0-301F-11D3-BF4B-00C04F79EFBC}") = "Unity.Collections.PerformanceTests", "Unity.Collections.PerformanceTests.csproj", "{1cf8ffef-6e3e-f9b1-e92c-e71ae45f8702}"
EndProject
Project("{FAE04EC0-301F-11D3-BF4B-00C04F79EFBC}") = "Unity.AI.Navigation.Tests", "Unity.AI.Navigation.Tests.csproj", "{389eeaa9-6a64-e369-7563-eb0a691bd873}"
EndProject
Project("{FAE04EC0-301F-11D3-BF4B-00C04F79EFBC}") = "Unity.TextMeshPro.Editor.Tests", "Unity.TextMeshPro.Editor.Tests.csproj", "{65a6c3ab-3a39-d099-c9f4-e61ccab5abc3}"
EndProject
Project("{FAE04EC0-301F-11D3-BF4B-00C04F79EFBC}") = "DocCodeExamples", "DocCodeExamples.csproj", "{3f4ecea1-78d0-a201-2d49-0cd064e5395a}"
EndProject
Project("{FAE04EC0-301F-11D3-BF4B-00C04F79EFBC}") = "Unity.LightTransport.Editor.Tests", "Unity.LightTransport.Editor.Tests.csproj", "{0b879d94-92ce-b5da-d37d-e0fda7e2e557}"
EndProject
Project("{FAE04EC0-301F-11D3-BF4B-00C04F79EFBC}") = "Unity.Multiplayer.Center.Tests", "Unity.Multiplayer.Center.Tests.csproj", "{d07c7f9f-c66f-8444-89f2-79a9fd5f3843}"
EndProject
Project("{FAE04EC0-301F-11D3-BF4B-00C04F79EFBC}") = "Unity.RenderPipelines.Core.Runtime.Tests", "Unity.RenderPipelines.Core.Runtime.Tests.csproj", "{88e8a0ec-4ca3-9611-60bd-fd72e18d5073}"
EndProject
Project("{FAE04EC0-301F-11D3-BF4B-00C04F79EFBC}") = "Unity.AI.Navigation.LegacyOffMeshLink.Tests", "Unity.AI.Navigation.LegacyOffMeshLink.Tests.csproj", "{38054795-e14a-08f6-88cd-260a4e6b3742}"
EndProject
Project("{FAE04EC0-301F-11D3-BF4B-00C04F79EFBC}") = "Unity.Multiplayer.Center.Editor.Tests", "Unity.Multiplayer.Center.Editor.Tests.csproj", "{b391c36b-5149-5ebe-94a0-3d49bb69ba76}"
EndProject
Project("{FAE04EC0-301F-11D3-BF4B-00C04F79EFBC}") = "Unity.Settings.Tests", "Unity.Settings.Tests.csproj", "{f32e1838-8eca-68bd-cf4b-4928a9d5e0d8}"
EndProject
Project("{FAE04EC0-301F-11D3-BF4B-00C04F79EFBC}") = "Unity.AI.Navigation.Editor.Tests", "Unity.AI.Navigation.Editor.Tests.csproj", "{053c2e4a-e8ba-8033-0025-701ae652823b}"
EndProject
Project("{FAE04EC0-301F-11D3-BF4B-00C04F79EFBC}") = "UnityEngine.UI.Tests", "UnityEngine.UI.Tests.csproj", "{5f6c1b05-15a9-2d0e-32c1-0903cf2d0d8e}"
EndProject
Project("{FAE04EC0-301F-11D3-BF4B-00C04F79EFBC}") = "Unity.InputSystem.IntegrationTests", "Unity.InputSystem.IntegrationTests.csproj", "{7d8cb6db-0d02-480e-6f35-055858ad781f}"
EndProject
Project("{FAE04EC0-301F-11D3-BF4B-00C04F79EFBC}") = "Unity.Collections.Tests.Playmode", "Unity.Collections.Tests.Playmode.csproj", "{f762360c-9945-fd06-bbcf-76e6b0adf1e5}"
EndProject
Project("{FAE04EC0-301F-11D3-BF4B-00C04F79EFBC}") = "Unity.Nuget.Mono-Cecil", "Unity.Nuget.Mono-Cecil.csproj", "{8693f6ec-1987-4479-2ac7-564dc05fc7cf}"
EndProject
Project("{FAE04EC0-301F-11D3-BF4B-00C04F79EFBC}") = "Unity.TextMeshPro.Tests", "Unity.TextMeshPro.Tests.csproj", "{25f6efe7-be93-1256-a8f1-8338ec512149}"
EndProject
Project("{FAE04EC0-301F-11D3-BF4B-00C04F79EFBC}") = "UnityEditor.UI.EditorTests", "UnityEditor.UI.EditorTests.csproj", "{31d5462c-3687-035d-a7b2-736a06a50334}"
EndProject
Project("{FAE04EC0-301F-11D3-BF4B-00C04F79EFBC}") = "Unity.RenderPipelines.Universal.Runtime.Tests", "Unity.RenderPipelines.Universal.Runtime.Tests.csproj", "{625d6154-3366-9b10-979d-fe7de438e696}"
EndProject
Project("{FAE04EC0-301F-11D3-BF4B-00C04F79EFBC}") = "Unity.Collections.BurstCompatibilityGen", "Unity.Collections.BurstCompatibilityGen.csproj", "{022d0e1a-79ad-3317-399e-65a4623cf7a7}"
EndProject
Project("{FAE04EC0-301F-11D3-BF4B-00C04F79EFBC}") = "Unity.ShaderGraph.Editor.Tests", "Unity.ShaderGraph.Editor.Tests.csproj", "{a20021e3-deb9-cd74-6b14-9a4d5063596c}"
EndProject
Global
	GlobalSection(SolutionConfigurationPlatforms) = preSolution
		Debug|Any CPU = Debug|Any CPU
	EndGlobalSection
	GlobalSection(ProjectConfigurationPlatforms) = postSolution
		{4a6c4820-c332-44eb-7514-cf174b5bbd76}.Debug|Any CPU.ActiveCfg = Debug|Any CPU
		{4a6c4820-c332-44eb-7514-cf174b5bbd76}.Debug|Any CPU.Build.0 = Debug|Any CPU
		{74338289-27b8-64d6-9399-d10ec888aabb}.Debug|Any CPU.ActiveCfg = Debug|Any CPU
		{74338289-27b8-64d6-9399-d10ec888aabb}.Debug|Any CPU.Build.0 = Debug|Any CPU
		{9d39bafc-3575-61e8-206f-67561d9192a3}.Debug|Any CPU.ActiveCfg = Debug|Any CPU
		{9d39bafc-3575-61e8-206f-67561d9192a3}.Debug|Any CPU.Build.0 = Debug|Any CPU
		{7c7710f4-ebbd-bff7-5c42-1dbc17422ebd}.Debug|Any CPU.ActiveCfg = Debug|Any CPU
		{7c7710f4-ebbd-bff7-5c42-1dbc17422ebd}.Debug|Any CPU.Build.0 = Debug|Any CPU
		{a4a4f632-c59d-04eb-eed4-956de626b7db}.Debug|Any CPU.ActiveCfg = Debug|Any CPU
		{a4a4f632-c59d-04eb-eed4-956de626b7db}.Debug|Any CPU.Build.0 = Debug|Any CPU
		{091ba655-be09-be41-7ff7-d081ed9f3c48}.Debug|Any CPU.ActiveCfg = Debug|Any CPU
		{091ba655-be09-be41-7ff7-d081ed9f3c48}.Debug|Any CPU.Build.0 = Debug|Any CPU
		{de75cfe5-1b55-bac1-1701-4034d726ed8c}.Debug|Any CPU.ActiveCfg = Debug|Any CPU
		{de75cfe5-1b55-bac1-1701-4034d726ed8c}.Debug|Any CPU.Build.0 = Debug|Any CPU
		{da41d4f1-8471-bcce-04a9-f25f4de6de25}.Debug|Any CPU.ActiveCfg = Debug|Any CPU
		{da41d4f1-8471-bcce-04a9-f25f4de6de25}.Debug|Any CPU.Build.0 = Debug|Any CPU
		{326b257c-a260-3a53-8b6d-b57035d33e12}.Debug|Any CPU.ActiveCfg = Debug|Any CPU
		{326b257c-a260-3a53-8b6d-b57035d33e12}.Debug|Any CPU.Build.0 = Debug|Any CPU
		{9f65b533-e81f-0840-4da8-b9673be03ec4}.Debug|Any CPU.ActiveCfg = Debug|Any CPU
		{9f65b533-e81f-0840-4da8-b9673be03ec4}.Debug|Any CPU.Build.0 = Debug|Any CPU
		{9dfcab4b-500c-9ee4-3b68-817b39831882}.Debug|Any CPU.ActiveCfg = Debug|Any CPU
		{9dfcab4b-500c-9ee4-3b68-817b39831882}.Debug|Any CPU.Build.0 = Debug|Any CPU
		{f3c96e1b-bbe0-ab65-218a-d2b5d629d9e8}.Debug|Any CPU.ActiveCfg = Debug|Any CPU
		{f3c96e1b-bbe0-ab65-218a-d2b5d629d9e8}.Debug|Any CPU.Build.0 = Debug|Any CPU
		{455d3eab-6481-bf29-b73b-fc49072aff99}.Debug|Any CPU.ActiveCfg = Debug|Any CPU
		{455d3eab-6481-bf29-b73b-fc49072aff99}.Debug|Any CPU.Build.0 = Debug|Any CPU
		{44c46a86-d7ec-84dd-d081-4758e81ec6f8}.Debug|Any CPU.ActiveCfg = Debug|Any CPU
		{44c46a86-d7ec-84dd-d081-4758e81ec6f8}.Debug|Any CPU.Build.0 = Debug|Any CPU
		{b35cb6c4-f65f-f66c-45fb-0fc8a28b4cba}.Debug|Any CPU.ActiveCfg = Debug|Any CPU
		{b35cb6c4-f65f-f66c-45fb-0fc8a28b4cba}.Debug|Any CPU.Build.0 = Debug|Any CPU
		{8e80a995-7751-518b-9c21-9e553a22ee27}.Debug|Any CPU.ActiveCfg = Debug|Any CPU
		{8e80a995-7751-518b-9c21-9e553a22ee27}.Debug|Any CPU.Build.0 = Debug|Any CPU
		{f234bc91-479e-0c0b-b667-441e8342e18c}.Debug|Any CPU.ActiveCfg = Debug|Any CPU
		{f234bc91-479e-0c0b-b667-441e8342e18c}.Debug|Any CPU.Build.0 = Debug|Any CPU
		{f4aaa97b-e4ac-5a32-7a26-e13ccf8fd191}.Debug|Any CPU.ActiveCfg = Debug|Any CPU
		{f4aaa97b-e4ac-5a32-7a26-e13ccf8fd191}.Debug|Any CPU.Build.0 = Debug|Any CPU
		{295a2f4a-be36-300d-8f62-9f8a66f5176d}.Debug|Any CPU.ActiveCfg = Debug|Any CPU
		{295a2f4a-be36-300d-8f62-9f8a66f5176d}.Debug|Any CPU.Build.0 = Debug|Any CPU
		{36ec89a0-dea9-9e61-35c2-f22772c87a81}.Debug|Any CPU.ActiveCfg = Debug|Any CPU
		{36ec89a0-dea9-9e61-35c2-f22772c87a81}.Debug|Any CPU.Build.0 = Debug|Any CPU
		{ea33306f-aa99-1ac4-f6c4-86ab7e60d49e}.Debug|Any CPU.ActiveCfg = Debug|Any CPU
		{ea33306f-aa99-1ac4-f6c4-86ab7e60d49e}.Debug|Any CPU.Build.0 = Debug|Any CPU
		{45c7a0ff-af85-c90e-69a2-3572673a9c0a}.Debug|Any CPU.ActiveCfg = Debug|Any CPU
		{45c7a0ff-af85-c90e-69a2-3572673a9c0a}.Debug|Any CPU.Build.0 = Debug|Any CPU
		{71aa974d-dabc-aea3-43e6-a6041d696d0c}.Debug|Any CPU.ActiveCfg = Debug|Any CPU
		{71aa974d-dabc-aea3-43e6-a6041d696d0c}.Debug|Any CPU.Build.0 = Debug|Any CPU
		{3e677e2d-7dbd-d1ce-5997-8f012bc32ee5}.Debug|Any CPU.ActiveCfg = Debug|Any CPU
		{3e677e2d-7dbd-d1ce-5997-8f012bc32ee5}.Debug|Any CPU.Build.0 = Debug|Any CPU
		{08c910ce-b1b8-f273-b883-2512d1a831f6}.Debug|Any CPU.ActiveCfg = Debug|Any CPU
		{08c910ce-b1b8-f273-b883-2512d1a831f6}.Debug|Any CPU.Build.0 = Debug|Any CPU
		{a1d54dec-1bdb-24dc-bfac-c6430c49043e}.Debug|Any CPU.ActiveCfg = Debug|Any CPU
		{a1d54dec-1bdb-24dc-bfac-c6430c49043e}.Debug|Any CPU.Build.0 = Debug|Any CPU
		{10871d80-0a9a-70dd-7308-07fb137bd291}.Debug|Any CPU.ActiveCfg = Debug|Any CPU
		{10871d80-0a9a-70dd-7308-07fb137bd291}.Debug|Any CPU.Build.0 = Debug|Any CPU
		{18fa2eb4-426d-9d70-aac2-37a0972df673}.Debug|Any CPU.ActiveCfg = Debug|Any CPU
		{18fa2eb4-426d-9d70-aac2-37a0972df673}.Debug|Any CPU.Build.0 = Debug|Any CPU
		{20bd30bc-292d-dd51-c64e-41e55d5a68e1}.Debug|Any CPU.ActiveCfg = Debug|Any CPU
		{20bd30bc-292d-dd51-c64e-41e55d5a68e1}.Debug|Any CPU.Build.0 = Debug|Any CPU
		{142b7b1f-49bc-d038-0128-5dd49de5f2a3}.Debug|Any CPU.ActiveCfg = Debug|Any CPU
		{142b7b1f-49bc-d038-0128-5dd49de5f2a3}.Debug|Any CPU.Build.0 = Debug|Any CPU
		{dfb7bdf7-eec1-b1f5-f156-59acdf987964}.Debug|Any CPU.ActiveCfg = Debug|Any CPU
		{dfb7bdf7-eec1-b1f5-f156-59acdf987964}.Debug|Any CPU.Build.0 = Debug|Any CPU
		{73c3136b-228e-78a4-71e8-cb0183480273}.Debug|Any CPU.ActiveCfg = Debug|Any CPU
		{73c3136b-228e-78a4-71e8-cb0183480273}.Debug|Any CPU.Build.0 = Debug|Any CPU
		{9fd29b82-9e1b-e4cc-9c93-b4f5d7854fcf}.Debug|Any CPU.ActiveCfg = Debug|Any CPU
		{9fd29b82-9e1b-e4cc-9c93-b4f5d7854fcf}.Debug|Any CPU.Build.0 = Debug|Any CPU
		{11c524d0-b000-429f-6f57-c66fc2af3526}.Debug|Any CPU.ActiveCfg = Debug|Any CPU
		{11c524d0-b000-429f-6f57-c66fc2af3526}.Debug|Any CPU.Build.0 = Debug|Any CPU
		{16da74a7-1909-5898-4f9e-9096a90e18d7}.Debug|Any CPU.ActiveCfg = Debug|Any CPU
		{16da74a7-1909-5898-4f9e-9096a90e18d7}.Debug|Any CPU.Build.0 = Debug|Any CPU
		{5368ebe2-9ef4-4066-6e62-c6a4fc1ce632}.Debug|Any CPU.ActiveCfg = Debug|Any CPU
		{5368ebe2-9ef4-4066-6e62-c6a4fc1ce632}.Debug|Any CPU.Build.0 = Debug|Any CPU
		{e3424102-95cc-3e68-f878-c4fffec2809c}.Debug|Any CPU.ActiveCfg = Debug|Any CPU
		{e3424102-95cc-3e68-f878-c4fffec2809c}.Debug|Any CPU.Build.0 = Debug|Any CPU
		{4cea1df9-a54a-210b-aad5-34f6ce66d72c}.Debug|Any CPU.ActiveCfg = Debug|Any CPU
		{4cea1df9-a54a-210b-aad5-34f6ce66d72c}.Debug|Any CPU.Build.0 = Debug|Any CPU
		{ba81064b-4cb7-ddf0-b63a-649b806fc64c}.Debug|Any CPU.ActiveCfg = Debug|Any CPU
		{ba81064b-4cb7-ddf0-b63a-649b806fc64c}.Debug|Any CPU.Build.0 = Debug|Any CPU
		{3a560856-8c6c-4d00-b696-3c36cf9b7b1e}.Debug|Any CPU.ActiveCfg = Debug|Any CPU
		{3a560856-8c6c-4d00-b696-3c36cf9b7b1e}.Debug|Any CPU.Build.0 = Debug|Any CPU
		{ad8ca4ea-6319-e2ab-a73c-889ee1154526}.Debug|Any CPU.ActiveCfg = Debug|Any CPU
		{ad8ca4ea-6319-e2ab-a73c-889ee1154526}.Debug|Any CPU.Build.0 = Debug|Any CPU
		{186d01b4-fb9e-453d-488c-e9200b547353}.Debug|Any CPU.ActiveCfg = Debug|Any CPU
		{186d01b4-fb9e-453d-488c-e9200b547353}.Debug|Any CPU.Build.0 = Debug|Any CPU
		{dfddf479-6d73-cc35-398b-ee5b616f5d15}.Debug|Any CPU.ActiveCfg = Debug|Any CPU
		{dfddf479-6d73-cc35-398b-ee5b616f5d15}.Debug|Any CPU.Build.0 = Debug|Any CPU
		{cf76135e-2411-0dff-3f3e-9a144d36380c}.Debug|Any CPU.ActiveCfg = Debug|Any CPU
		{cf76135e-2411-0dff-3f3e-9a144d36380c}.Debug|Any CPU.Build.0 = Debug|Any CPU
		{8c36212e-085f-b9f2-5c6a-2a04a4c0998c}.Debug|Any CPU.ActiveCfg = Debug|Any CPU
		{8c36212e-085f-b9f2-5c6a-2a04a4c0998c}.Debug|Any CPU.Build.0 = Debug|Any CPU
		{b65f812e-aa7c-75bf-790b-2a9ba6bcf8bb}.Debug|Any CPU.ActiveCfg = Debug|Any CPU
		{b65f812e-aa7c-75bf-790b-2a9ba6bcf8bb}.Debug|Any CPU.Build.0 = Debug|Any CPU
		{de16a7c8-96da-0079-180a-9a6491e05172}.Debug|Any CPU.ActiveCfg = Debug|Any CPU
		{de16a7c8-96da-0079-180a-9a6491e05172}.Debug|Any CPU.Build.0 = Debug|Any CPU
		{9c76e3b7-5270-f0b9-9c14-5306b7b541db}.Debug|Any CPU.ActiveCfg = Debug|Any CPU
		{9c76e3b7-5270-f0b9-9c14-5306b7b541db}.Debug|Any CPU.Build.0 = Debug|Any CPU
		{aa7df9cb-0b6e-d9b5-2307-af03bc84456d}.Debug|Any CPU.ActiveCfg = Debug|Any CPU
		{aa7df9cb-0b6e-d9b5-2307-af03bc84456d}.Debug|Any CPU.Build.0 = Debug|Any CPU
		{49e68f7a-b39e-a463-5979-d36543c18583}.Debug|Any CPU.ActiveCfg = Debug|Any CPU
		{49e68f7a-b39e-a463-5979-d36543c18583}.Debug|Any CPU.Build.0 = Debug|Any CPU
		{c442adc9-04b5-513f-467a-cf4a3ddac6ca}.Debug|Any CPU.ActiveCfg = Debug|Any CPU
		{c442adc9-04b5-513f-467a-cf4a3ddac6ca}.Debug|Any CPU.Build.0 = Debug|Any CPU
		{2ce33048-8b8c-ba2f-3d68-b19a2bd474e0}.Debug|Any CPU.ActiveCfg = Debug|Any CPU
		{2ce33048-8b8c-ba2f-3d68-b19a2bd474e0}.Debug|Any CPU.Build.0 = Debug|Any CPU
		{bee49908-c0ec-2b39-20ba-cad0d4616e35}.Debug|Any CPU.ActiveCfg = Debug|Any CPU
		{bee49908-c0ec-2b39-20ba-cad0d4616e35}.Debug|Any CPU.Build.0 = Debug|Any CPU
		{479eea68-4b51-bb31-9244-1a505887b2f1}.Debug|Any CPU.ActiveCfg = Debug|Any CPU
		{479eea68-4b51-bb31-9244-1a505887b2f1}.Debug|Any CPU.Build.0 = Debug|Any CPU
		{2e635989-4fd9-f785-8753-af0720d0b790}.Debug|Any CPU.ActiveCfg = Debug|Any CPU
		{2e635989-4fd9-f785-8753-af0720d0b790}.Debug|Any CPU.Build.0 = Debug|Any CPU
		{4604ac51-e318-8cd9-f300-d50a6f0cb3b2}.Debug|Any CPU.ActiveCfg = Debug|Any CPU
		{4604ac51-e318-8cd9-f300-d50a6f0cb3b2}.Debug|Any CPU.Build.0 = Debug|Any CPU
		{1c0c185f-0255-2a10-461d-b6cfdddc9132}.Debug|Any CPU.ActiveCfg = Debug|Any CPU
		{1c0c185f-0255-2a10-461d-b6cfdddc9132}.Debug|Any CPU.Build.0 = Debug|Any CPU
		{8b369547-941f-1d26-7a90-5789d47132cc}.Debug|Any CPU.ActiveCfg = Debug|Any CPU
		{8b369547-941f-1d26-7a90-5789d47132cc}.Debug|Any CPU.Build.0 = Debug|Any CPU
		{012d7006-6ee6-861a-0b78-9cedb52f8772}.Debug|Any CPU.ActiveCfg = Debug|Any CPU
		{012d7006-6ee6-861a-0b78-9cedb52f8772}.Debug|Any CPU.Build.0 = Debug|Any CPU
		{cd4b6d45-5865-07f7-035f-e54d40afee2e}.Debug|Any CPU.ActiveCfg = Debug|Any CPU
		{cd4b6d45-5865-07f7-035f-e54d40afee2e}.Debug|Any CPU.Build.0 = Debug|Any CPU
		{289bb1ab-b852-003a-9dab-c9286f18109d}.Debug|Any CPU.ActiveCfg = Debug|Any CPU
		{289bb1ab-b852-003a-9dab-c9286f18109d}.Debug|Any CPU.Build.0 = Debug|Any CPU
		{c14f1184-eff8-de5b-f79a-c1a8aaca69f4}.Debug|Any CPU.ActiveCfg = Debug|Any CPU
		{c14f1184-eff8-de5b-f79a-c1a8aaca69f4}.Debug|Any CPU.Build.0 = Debug|Any CPU
		{025a1365-a5d1-2a17-255a-623a0e237532}.Debug|Any CPU.ActiveCfg = Debug|Any CPU
		{025a1365-a5d1-2a17-255a-623a0e237532}.Debug|Any CPU.Build.0 = Debug|Any CPU
		{ce157b0f-dc21-1820-5001-d0fd3fc1327c}.Debug|Any CPU.ActiveCfg = Debug|Any CPU
		{ce157b0f-dc21-1820-5001-d0fd3fc1327c}.Debug|Any CPU.Build.0 = Debug|Any CPU
		{3ffc32f7-4cde-3b30-9a0a-d0ee5b624e8a}.Debug|Any CPU.ActiveCfg = Debug|Any CPU
		{3ffc32f7-4cde-3b30-9a0a-d0ee5b624e8a}.Debug|Any CPU.Build.0 = Debug|Any CPU
		{d338df5c-00c3-47ad-3870-370935e12f01}.Debug|Any CPU.ActiveCfg = Debug|Any CPU
		{d338df5c-00c3-47ad-3870-370935e12f01}.Debug|Any CPU.Build.0 = Debug|Any CPU
		{712f0268-7321-ecfc-db57-268582bfec10}.Debug|Any CPU.ActiveCfg = Debug|Any CPU
		{712f0268-7321-ecfc-db57-268582bfec10}.Debug|Any CPU.Build.0 = Debug|Any CPU
		{a7418e18-6169-5663-50b5-ad7f94224108}.Debug|Any CPU.ActiveCfg = Debug|Any CPU
		{a7418e18-6169-5663-50b5-ad7f94224108}.Debug|Any CPU.Build.0 = Debug|Any CPU
		{f1382971-92ff-7a15-47b9-4532ef9c076b}.Debug|Any CPU.ActiveCfg = Debug|Any CPU
		{f1382971-92ff-7a15-47b9-4532ef9c076b}.Debug|Any CPU.Build.0 = Debug|Any CPU
		{dae36eb3-85a9-f84b-7206-8aaab92e514a}.Debug|Any CPU.ActiveCfg = Debug|Any CPU
		{dae36eb3-85a9-f84b-7206-8aaab92e514a}.Debug|Any CPU.Build.0 = Debug|Any CPU
		{9d9f7c07-22cf-1f2b-66ee-191e5cc4d2f4}.Debug|Any CPU.ActiveCfg = Debug|Any CPU
		{9d9f7c07-22cf-1f2b-66ee-191e5cc4d2f4}.Debug|Any CPU.Build.0 = Debug|Any CPU
		{b859185a-63d3-22c6-7902-08bbac9727db}.Debug|Any CPU.ActiveCfg = Debug|Any CPU
		{b859185a-63d3-22c6-7902-08bbac9727db}.Debug|Any CPU.Build.0 = Debug|Any CPU
		{aa030a1e-3d9d-3882-8514-a1fc80fcbfd7}.Debug|Any CPU.ActiveCfg = Debug|Any CPU
		{aa030a1e-3d9d-3882-8514-a1fc80fcbfd7}.Debug|Any CPU.Build.0 = Debug|Any CPU
		{40159413-ec42-c142-b9df-2d9887e2315f}.Debug|Any CPU.ActiveCfg = Debug|Any CPU
		{40159413-ec42-c142-b9df-2d9887e2315f}.Debug|Any CPU.Build.0 = Debug|Any CPU
		{2e3b9f76-8a96-9187-8707-9ef3d1c499e2}.Debug|Any CPU.ActiveCfg = Debug|Any CPU
		{2e3b9f76-8a96-9187-8707-9ef3d1c499e2}.Debug|Any CPU.Build.0 = Debug|Any CPU
		{ea9e144d-0136-85a3-1c71-f0deb2a1497f}.Debug|Any CPU.ActiveCfg = Debug|Any CPU
		{ea9e144d-0136-85a3-1c71-f0deb2a1497f}.Debug|Any CPU.Build.0 = Debug|Any CPU
		{0220a13f-980f-4a4b-9ec1-e70d21e503b6}.Debug|Any CPU.ActiveCfg = Debug|Any CPU
		{0220a13f-980f-4a4b-9ec1-e70d21e503b6}.Debug|Any CPU.Build.0 = Debug|Any CPU
		{f88449c9-1da2-042a-3967-6e0f820acd3c}.Debug|Any CPU.ActiveCfg = Debug|Any CPU
		{f88449c9-1da2-042a-3967-6e0f820acd3c}.Debug|Any CPU.Build.0 = Debug|Any CPU
		{420d6e89-ded1-d74c-a547-d41f3150db1f}.Debug|Any CPU.ActiveCfg = Debug|Any CPU
		{420d6e89-ded1-d74c-a547-d41f3150db1f}.Debug|Any CPU.Build.0 = Debug|Any CPU
		{1cf8ffef-6e3e-f9b1-e92c-e71ae45f8702}.Debug|Any CPU.ActiveCfg = Debug|Any CPU
		{1cf8ffef-6e3e-f9b1-e92c-e71ae45f8702}.Debug|Any CPU.Build.0 = Debug|Any CPU
		{389eeaa9-6a64-e369-7563-eb0a691bd873}.Debug|Any CPU.ActiveCfg = Debug|Any CPU
		{389eeaa9-6a64-e369-7563-eb0a691bd873}.Debug|Any CPU.Build.0 = Debug|Any CPU
		{65a6c3ab-3a39-d099-c9f4-e61ccab5abc3}.Debug|Any CPU.ActiveCfg = Debug|Any CPU
		{65a6c3ab-3a39-d099-c9f4-e61ccab5abc3}.Debug|Any CPU.Build.0 = Debug|Any CPU
		{3f4ecea1-78d0-a201-2d49-0cd064e5395a}.Debug|Any CPU.ActiveCfg = Debug|Any CPU
		{3f4ecea1-78d0-a201-2d49-0cd064e5395a}.Debug|Any CPU.Build.0 = Debug|Any CPU
		{0b879d94-92ce-b5da-d37d-e0fda7e2e557}.Debug|Any CPU.ActiveCfg = Debug|Any CPU
		{0b879d94-92ce-b5da-d37d-e0fda7e2e557}.Debug|Any CPU.Build.0 = Debug|Any CPU
		{d07c7f9f-c66f-8444-89f2-79a9fd5f3843}.Debug|Any CPU.ActiveCfg = Debug|Any CPU
		{d07c7f9f-c66f-8444-89f2-79a9fd5f3843}.Debug|Any CPU.Build.0 = Debug|Any CPU
		{88e8a0ec-4ca3-9611-60bd-fd72e18d5073}.Debug|Any CPU.ActiveCfg = Debug|Any CPU
		{88e8a0ec-4ca3-9611-60bd-fd72e18d5073}.Debug|Any CPU.Build.0 = Debug|Any CPU
		{38054795-e14a-08f6-88cd-260a4e6b3742}.Debug|Any CPU.ActiveCfg = Debug|Any CPU
		{38054795-e14a-08f6-88cd-260a4e6b3742}.Debug|Any CPU.Build.0 = Debug|Any CPU
		{b391c36b-5149-5ebe-94a0-3d49bb69ba76}.Debug|Any CPU.ActiveCfg = Debug|Any CPU
		{b391c36b-5149-5ebe-94a0-3d49bb69ba76}.Debug|Any CPU.Build.0 = Debug|Any CPU
		{f32e1838-8eca-68bd-cf4b-4928a9d5e0d8}.Debug|Any CPU.ActiveCfg = Debug|Any CPU
		{f32e1838-8eca-68bd-cf4b-4928a9d5e0d8}.Debug|Any CPU.Build.0 = Debug|Any CPU
		{053c2e4a-e8ba-8033-0025-701ae652823b}.Debug|Any CPU.ActiveCfg = Debug|Any CPU
		{053c2e4a-e8ba-8033-0025-701ae652823b}.Debug|Any CPU.Build.0 = Debug|Any CPU
		{5f6c1b05-15a9-2d0e-32c1-0903cf2d0d8e}.Debug|Any CPU.ActiveCfg = Debug|Any CPU
		{5f6c1b05-15a9-2d0e-32c1-0903cf2d0d8e}.Debug|Any CPU.Build.0 = Debug|Any CPU
		{7d8cb6db-0d02-480e-6f35-055858ad781f}.Debug|Any CPU.ActiveCfg = Debug|Any CPU
		{7d8cb6db-0d02-480e-6f35-055858ad781f}.Debug|Any CPU.Build.0 = Debug|Any CPU
		{f762360c-9945-fd06-bbcf-76e6b0adf1e5}.Debug|Any CPU.ActiveCfg = Debug|Any CPU
		{f762360c-9945-fd06-bbcf-76e6b0adf1e5}.Debug|Any CPU.Build.0 = Debug|Any CPU
		{8693f6ec-1987-4479-2ac7-564dc05fc7cf}.Debug|Any CPU.ActiveCfg = Debug|Any CPU
		{8693f6ec-1987-4479-2ac7-564dc05fc7cf}.Debug|Any CPU.Build.0 = Debug|Any CPU
		{25f6efe7-be93-1256-a8f1-8338ec512149}.Debug|Any CPU.ActiveCfg = Debug|Any CPU
		{25f6efe7-be93-1256-a8f1-8338ec512149}.Debug|Any CPU.Build.0 = Debug|Any CPU
		{31d5462c-3687-035d-a7b2-736a06a50334}.Debug|Any CPU.ActiveCfg = Debug|Any CPU
		{31d5462c-3687-035d-a7b2-736a06a50334}.Debug|Any CPU.Build.0 = Debug|Any CPU
		{625d6154-3366-9b10-979d-fe7de438e696}.Debug|Any CPU.ActiveCfg = Debug|Any CPU
		{625d6154-3366-9b10-979d-fe7de438e696}.Debug|Any CPU.Build.0 = Debug|Any CPU
		{022d0e1a-79ad-3317-399e-65a4623cf7a7}.Debug|Any CPU.ActiveCfg = Debug|Any CPU
		{022d0e1a-79ad-3317-399e-65a4623cf7a7}.Debug|Any CPU.Build.0 = Debug|Any CPU
		{a20021e3-deb9-cd74-6b14-9a4d5063596c}.Debug|Any CPU.ActiveCfg = Debug|Any CPU
		{a20021e3-deb9-cd74-6b14-9a4d5063596c}.Debug|Any CPU.Build.0 = Debug|Any CPU
	EndGlobalSection
	GlobalSection(SolutionProperties) = preSolution
		HideSolutionNode = FALSE
	EndGlobalSection
EndGlobal
